
Microsoft Visual Studio Solution File, Format Version 12.00
# Visual Studio Version 17
VisualStudioVersion = 17.5.002.0
MinimumVisualStudioVersion = 10.0.40219.1
Project("{9A19103F-16F7-4668-BE54-9A1E7A4F7556}") = "EDIFACT", "src\EDIFACT.csproj", "{C2C87498-3522-4D9C-B819-0C01A6E56418}"
EndProject
Project("{2150E333-8FDC-42A3-9474-1A3956D46DE8}") = "Solution Items", "Solution Items", "{8EC462FD-D22E-90A8-E5CE-7E832BA40C5D}"
	ProjectSection(SolutionItems) = preProject
		AGENTS.md = AGENTS.md
		Dockerfile = Dockerfile
		examples.md = examples.md
		Roadmap.md = Roadmap.md
	EndProjectSection
EndProject
Project("{FAE04EC0-301F-11D3-BF4B-00C04F79EFBC}") = "Edifact_Test", "Test\Edifact_Test.csproj", "{C46F1188-108D-AB0B-998A-CEF243C3893D}"
EndProject
Global
	GlobalSection(SolutionConfigurationPlatforms) = preSolution
		Debug|Any CPU = Debug|Any CPU
		Release|Any CPU = Release|Any CPU
	EndGlobalSection
	GlobalSection(ProjectConfigurationPlatforms) = postSolution
		{C2C87498-3522-4D9C-B819-0C01A6E56418}.Debug|Any CPU.ActiveCfg = Debug|Any CPU
		{C2C87498-3522-4D9C-B819-0C01A6E56418}.Debug|Any CPU.Build.0 = Debug|Any CPU
		{C2C87498-3522-4D9C-B819-0C01A6E56418}.Release|Any CPU.ActiveCfg = Release|Any CPU
		{C2C87498-3522-4D9C-B819-0C01A6E56418}.Release|Any CPU.Build.0 = Release|Any CPU
		{C46F1188-108D-AB0B-998A-CEF243C3893D}.Debug|Any CPU.ActiveCfg = Debug|Any CPU
		{C46F1188-108D-AB0B-998A-CEF243C3893D}.Debug|Any CPU.Build.0 = Debug|Any CPU
		{C46F1188-108D-AB0B-998A-CEF243C3893D}.Release|Any CPU.ActiveCfg = Release|Any CPU
		{C46F1188-108D-AB0B-998A-CEF243C3893D}.Release|Any CPU.Build.0 = Release|Any CPU
	EndGlobalSection
	GlobalSection(SolutionProperties) = preSolution
		HideSolutionNode = FALSE
	EndGlobalSection
	GlobalSection(ExtensibilityGlobals) = postSolution
		SolutionGuid = {D0018FC0-5422-45A6-9F1F-80DA9001A5EA}
	EndGlobalSection
EndGlobal
